
Microsoft Visual Studio Solution File, Format Version 12.00
# Visual Studio Version 16
VisualStudioVersion = 16.0.29215.179
MinimumVisualStudioVersion = 10.0.40219.1
Project("{FAE04EC0-301F-11D3-BF4B-00C04F79EFBC}") = "HelloWorld", "HelloWorld\HelloWorld.csproj", "{55E85A52-E841-44BF-B5A5-F218CA18E78F}"
EndProject
Global
	GlobalSection(SolutionConfigurationPlatforms) = preSolution
		Debug|Any CPU = Debug|Any CPU
		Release|Any CPU = Release|Any CPU
	EndGlobalSection
	GlobalSection(ProjectConfigurationPlatforms) = postSolution
		{55E85A52-E841-44BF-B5A5-F218CA18E78F}.Debug|Any CPU.ActiveCfg = Debug|Any CPU
		{55E85A52-E841-44BF-B5A5-F218CA18E78F}.Debug|Any CPU.Build.0 = Debug|Any CPU
		{55E85A52-E841-44BF-B5A5-F218CA18E78F}.Release|Any CPU.ActiveCfg = Release|Any CPU
		{55E85A52-E841-44BF-B5A5-F218CA18E78F}.Release|Any CPU.Build.0 = Release|Any CPU
	EndGlobalSection
	GlobalSection(SolutionProperties) = preSolution
		HideSolutionNode = FALSE
	EndGlobalSection
	GlobalSection(ExtensibilityGlobals) = postSolution
		SolutionGuid = {F0D323E8-E04D-4058-91BF-30440D91FB70}
	EndGlobalSection
EndGlobal
